
Microsoft Visual Studio Solution File, Format Version 12.00
# Visual Studio Version 17
VisualStudioVersion = 17.14.36310.24
MinimumVisualStudioVersion = 10.0.40219.1
Project("{2150E333-8FDC-42A3-9474-1A3956D46DE8}") = "Src", "Src", "{02EA681E-C7D8-13C7-8484-4AC65E1B71E8}"
EndProject
Project("{2150E333-8FDC-42A3-9474-1A3956D46DE8}") = "Core", "Core", "{C1CBDD16-177E-44A2-A284-89A523E1F1E9}"
EndProject
Project("{2150E333-8FDC-42A3-9474-1A3956D46DE8}") = "EndPoints", "EndPoints", "{2EE93D15-4E7F-4A5F-89F3-56D10D6ED5CB}"
EndProject
Project("{2150E333-8FDC-42A3-9474-1A3956D46DE8}") = "Infrastructure", "Infrastructure", "{8616404B-20A3-4193-9AE3-1EC7DE93FB22}"
EndProject
Project("{FAE04EC0-301F-11D3-BF4B-00C04F79EFBC}") = "Task_DDD.Application", "Task_DDD.Application\Task_DDD.Application.csproj", "{ED90161B-5916-4786-AED4-45AC72B6FC36}"
EndProject
Project("{FAE04EC0-301F-11D3-BF4B-00C04F79EFBC}") = "Task_DDD.Common", "Task_DDD.Common\Task_DDD.Common.csproj", "{FF3E52C7-23AB-48CE-B2A4-2D5DB0706841}"
EndProject
Project("{FAE04EC0-301F-11D3-BF4B-00C04F79EFBC}") = "Task_DDD.Domain", "Task_DDD.Domain\Task_DDD.Domain.csproj", "{BE0E30B5-34F8-45A4-B5A1-BE7B9308DBFE}"
EndProject
Project("{FAE04EC0-301F-11D3-BF4B-00C04F79EFBC}") = "Task_DDD.Dapper", "Task_DDD.Dapper\Task_DDD.Dapper.csproj", "{83FDA031-9C84-4968-8280-14922CE193F8}"
EndProject
Project("{FAE04EC0-301F-11D3-BF4B-00C04F79EFBC}") = "Task_DDD.EF", "Task_DDD.EF\Task_DDD.EF.csproj", "{F9373CE7-EE10-466E-84E3-88EE2B502202}"
EndProject
Project("{FAE04EC0-301F-11D3-BF4B-00C04F79EFBC}") = "Task_DDD.Repository", "Task_DDD.Repository\Task_DDD.Repository.csproj", "{508BAB3C-709B-44B3-A14E-DA0F8CE48AD0}"
EndProject
Project("{FAE04EC0-301F-11D3-BF4B-00C04F79EFBC}") = "Task_DDD.AdminWebApi", "Task_DDD.AdminPanelWebApi\Task_DDD.AdminWebApi.csproj", "{87DD5B8F-23CA-4C59-A71E-AE2493BF0C1E}"
EndProject
Project("{FAE04EC0-301F-11D3-BF4B-00C04F79EFBC}") = "Task_DDD.WebApi", "Task_DDD.WebApi\Task_DDD.WebApi.csproj", "{05BC6FFA-3778-4C96-A315-2C0C1FEF407B}"
EndProject
Project("{FAE04EC0-301F-11D3-BF4B-00C04F79EFBC}") = "Task_DDD.Service", "Task_DDD.Service\Task_DDD.Service.csproj", "{5C14E47D-7690-446D-B47E-84288BAB625D}"
EndProject
Global
	GlobalSection(SolutionConfigurationPlatforms) = preSolution
		Debug|Any CPU = Debug|Any CPU
		Release|Any CPU = Release|Any CPU
	EndGlobalSection
	GlobalSection(ProjectConfigurationPlatforms) = postSolution
		{ED90161B-5916-4786-AED4-45AC72B6FC36}.Debug|Any CPU.ActiveCfg = Debug|Any CPU
		{ED90161B-5916-4786-AED4-45AC72B6FC36}.Debug|Any CPU.Build.0 = Debug|Any CPU
		{ED90161B-5916-4786-AED4-45AC72B6FC36}.Release|Any CPU.ActiveCfg = Release|Any CPU
		{ED90161B-5916-4786-AED4-45AC72B6FC36}.Release|Any CPU.Build.0 = Release|Any CPU
		{FF3E52C7-23AB-48CE-B2A4-2D5DB0706841}.Debug|Any CPU.ActiveCfg = Debug|Any CPU
		{FF3E52C7-23AB-48CE-B2A4-2D5DB0706841}.Debug|Any CPU.Build.0 = Debug|Any CPU
		{FF3E52C7-23AB-48CE-B2A4-2D5DB0706841}.Release|Any CPU.ActiveCfg = Release|Any CPU
		{FF3E52C7-23AB-48CE-B2A4-2D5DB0706841}.Release|Any CPU.Build.0 = Release|Any CPU
		{BE0E30B5-34F8-45A4-B5A1-BE7B9308DBFE}.Debug|Any CPU.ActiveCfg = Debug|Any CPU
		{BE0E30B5-34F8-45A4-B5A1-BE7B9308DBFE}.Debug|Any CPU.Build.0 = Debug|Any CPU
		{BE0E30B5-34F8-45A4-B5A1-BE7B9308DBFE}.Release|Any CPU.ActiveCfg = Release|Any CPU
		{BE0E30B5-34F8-45A4-B5A1-BE7B9308DBFE}.Release|Any CPU.Build.0 = Release|Any CPU
		{83FDA031-9C84-4968-8280-14922CE193F8}.Debug|Any CPU.ActiveCfg = Debug|Any CPU
		{83FDA031-9C84-4968-8280-14922CE193F8}.Debug|Any CPU.Build.0 = Debug|Any CPU
		{83FDA031-9C84-4968-8280-14922CE193F8}.Release|Any CPU.ActiveCfg = Release|Any CPU
		{83FDA031-9C84-4968-8280-14922CE193F8}.Release|Any CPU.Build.0 = Release|Any CPU
		{F9373CE7-EE10-466E-84E3-88EE2B502202}.Debug|Any CPU.ActiveCfg = Debug|Any CPU
		{F9373CE7-EE10-466E-84E3-88EE2B502202}.Debug|Any CPU.Build.0 = Debug|Any CPU
		{F9373CE7-EE10-466E-84E3-88EE2B502202}.Release|Any CPU.ActiveCfg = Release|Any CPU
		{F9373CE7-EE10-466E-84E3-88EE2B502202}.Release|Any CPU.Build.0 = Release|Any CPU
		{508BAB3C-709B-44B3-A14E-DA0F8CE48AD0}.Debug|Any CPU.ActiveCfg = Debug|Any CPU
		{508BAB3C-709B-44B3-A14E-DA0F8CE48AD0}.Debug|Any CPU.Build.0 = Debug|Any CPU
		{508BAB3C-709B-44B3-A14E-DA0F8CE48AD0}.Release|Any CPU.ActiveCfg = Release|Any CPU
		{508BAB3C-709B-44B3-A14E-DA0F8CE48AD0}.Release|Any CPU.Build.0 = Release|Any CPU
		{87DD5B8F-23CA-4C59-A71E-AE2493BF0C1E}.Debug|Any CPU.ActiveCfg = Debug|Any CPU
		{87DD5B8F-23CA-4C59-A71E-AE2493BF0C1E}.Debug|Any CPU.Build.0 = Debug|Any CPU
		{87DD5B8F-23CA-4C59-A71E-AE2493BF0C1E}.Release|Any CPU.ActiveCfg = Release|Any CPU
		{87DD5B8F-23CA-4C59-A71E-AE2493BF0C1E}.Release|Any CPU.Build.0 = Release|Any CPU
		{05BC6FFA-3778-4C96-A315-2C0C1FEF407B}.Debug|Any CPU.ActiveCfg = Debug|Any CPU
		{05BC6FFA-3778-4C96-A315-2C0C1FEF407B}.Debug|Any CPU.Build.0 = Debug|Any CPU
		{05BC6FFA-3778-4C96-A315-2C0C1FEF407B}.Release|Any CPU.ActiveCfg = Release|Any CPU
		{05BC6FFA-3778-4C96-A315-2C0C1FEF407B}.Release|Any CPU.Build.0 = Release|Any CPU
		{5C14E47D-7690-446D-B47E-84288BAB625D}.Debug|Any CPU.ActiveCfg = Debug|Any CPU
		{5C14E47D-7690-446D-B47E-84288BAB625D}.Debug|Any CPU.Build.0 = Debug|Any CPU
		{5C14E47D-7690-446D-B47E-84288BAB625D}.Release|Any CPU.ActiveCfg = Release|Any CPU
		{5C14E47D-7690-446D-B47E-84288BAB625D}.Release|Any CPU.Build.0 = Release|Any CPU
	EndGlobalSection
	GlobalSection(SolutionProperties) = preSolution
		HideSolutionNode = FALSE
	EndGlobalSection
	GlobalSection(NestedProjects) = preSolution
		{C1CBDD16-177E-44A2-A284-89A523E1F1E9} = {02EA681E-C7D8-13C7-8484-4AC65E1B71E8}
		{2EE93D15-4E7F-4A5F-89F3-56D10D6ED5CB} = {02EA681E-C7D8-13C7-8484-4AC65E1B71E8}
		{8616404B-20A3-4193-9AE3-1EC7DE93FB22} = {02EA681E-C7D8-13C7-8484-4AC65E1B71E8}
		{ED90161B-5916-4786-AED4-45AC72B6FC36} = {C1CBDD16-177E-44A2-A284-89A523E1F1E9}
		{FF3E52C7-23AB-48CE-B2A4-2D5DB0706841} = {C1CBDD16-177E-44A2-A284-89A523E1F1E9}
		{BE0E30B5-34F8-45A4-B5A1-BE7B9308DBFE} = {C1CBDD16-177E-44A2-A284-89A523E1F1E9}
		{83FDA031-9C84-4968-8280-14922CE193F8} = {8616404B-20A3-4193-9AE3-1EC7DE93FB22}
		{F9373CE7-EE10-466E-84E3-88EE2B502202} = {8616404B-20A3-4193-9AE3-1EC7DE93FB22}
		{508BAB3C-709B-44B3-A14E-DA0F8CE48AD0} = {8616404B-20A3-4193-9AE3-1EC7DE93FB22}
		{87DD5B8F-23CA-4C59-A71E-AE2493BF0C1E} = {2EE93D15-4E7F-4A5F-89F3-56D10D6ED5CB}
		{05BC6FFA-3778-4C96-A315-2C0C1FEF407B} = {2EE93D15-4E7F-4A5F-89F3-56D10D6ED5CB}
		{5C14E47D-7690-446D-B47E-84288BAB625D} = {8616404B-20A3-4193-9AE3-1EC7DE93FB22}
	EndGlobalSection
	GlobalSection(ExtensibilityGlobals) = postSolution
		SolutionGuid = {8513EA8C-D1EB-4E43-8BD2-72BF149AB8A5}
	EndGlobalSection
EndGlobal
